
Microsoft Visual Studio Solution File, Format Version 12.00
# Visual Studio Version 17
VisualStudioVersion = 17.7.34202.233
MinimumVisualStudioVersion = 10.0.40219.1
Project("{FAE04EC0-301F-11D3-BF4B-00C04F79EFBC}") = "WebSiteExampleLI", "WebSiteExampleLI.csproj", "{79F032C0-3AF9-4471-B2A9-A8C2E569AF1B}"
EndProject
Global
	GlobalSection(SolutionConfigurationPlatforms) = preSolution
		Debug|Any CPU = Debug|Any CPU
		Release|Any CPU = Release|Any CPU
	EndGlobalSection
	GlobalSection(ProjectConfigurationPlatforms) = postSolution
		{79F032C0-3AF9-4471-B2A9-A8C2E569AF1B}.Debug|Any CPU.ActiveCfg = Debug|Any CPU
		{79F032C0-3AF9-4471-B2A9-A8C2E569AF1B}.Debug|Any CPU.Build.0 = Debug|Any CPU
		{79F032C0-3AF9-4471-B2A9-A8C2E569AF1B}.Release|Any CPU.ActiveCfg = Release|Any CPU
		{79F032C0-3AF9-4471-B2A9-A8C2E569AF1B}.Release|Any CPU.Build.0 = Release|Any CPU
	EndGlobalSection
	GlobalSection(SolutionProperties) = preSolution
		HideSolutionNode = FALSE
	EndGlobalSection
	GlobalSection(ExtensibilityGlobals) = postSolution
		SolutionGuid = {9A2B3EC9-00F6-40F6-A867-DE207DC1E906}
	EndGlobalSection
EndGlobal
